
Microsoft Visual Studio Solution File, Format Version 12.00
# Visual Studio Version 17
VisualStudioVersion = 17.9.34728.123
MinimumVisualStudioVersion = 10.0.40219.1
Project("{FAE04EC0-301F-11D3-BF4B-00C04F79EFBC}") = "WpfApp00", "WpfApp00\WpfApp00.csproj", "{81327516-9A55-4DAE-B72F-6C14407555BC}"
EndProject
Global
	GlobalSection(SolutionConfigurationPlatforms) = preSolution
		Debug|Any CPU = Debug|Any CPU
		Release|Any CPU = Release|Any CPU
	EndGlobalSection
	GlobalSection(ProjectConfigurationPlatforms) = postSolution
		{81327516-9A55-4DAE-B72F-6C14407555BC}.Debug|Any CPU.ActiveCfg = Debug|Any CPU
		{81327516-9A55-4DAE-B72F-6C14407555BC}.Debug|Any CPU.Build.0 = Debug|Any CPU
		{81327516-9A55-4DAE-B72F-6C14407555BC}.Release|Any CPU.ActiveCfg = Release|Any CPU
		{81327516-9A55-4DAE-B72F-6C14407555BC}.Release|Any CPU.Build.0 = Release|Any CPU
	EndGlobalSection
	GlobalSection(SolutionProperties) = preSolution
		HideSolutionNode = FALSE
	EndGlobalSection
	GlobalSection(ExtensibilityGlobals) = postSolution
		SolutionGuid = {53778AE0-5BC8-4CA2-8995-B16FB5023FD3}
	EndGlobalSection
EndGlobal
